<?xml version="1.0" encoding="utf-8"?>
<Project ToolsVersion="17.0" xmlns="http://schemas.microsoft.com/developer/msbuild/2003">
  <ItemGroup>
    <CudaCompile Include="..\P1RV_CUDA\main.cu">
      <Filter>Source Files</Filter>
    </CudaCompile>
    <CudaCompile Include="..\P1RV_CUDA\gbm.cu">
      <Filter>Source Files</Filter>
    </CudaCompile>
    <CudaCompile Include="..\P1RV_CUDA\lsmc.cu">
      <Filter>Source Files</Filter>
    </CudaCompile>
  </ItemGroup>
  <ItemGroup>
    <CustomBuild Include="C:\Users\flole\Desktop\P1RV_CUDA\CMakeLists.txt" />
  </ItemGroup>
  <ItemGroup>
    <Filter Include="Source Files">
      <UniqueIdentifier>{28148A6F-6066-383B-AB03-73CB51919F9E}</UniqueIdentifier>
    </Filter>
  </ItemGroup>
</Project>
